Microsoft Visual Studio Solution File, Format Version 11.00
# Visual Studio 2008

Project("{C31DDF5C-19B8-DA67-EF22-3BF4ABE2B101}") = "2D Projekat", "Assembly-CSharp.csproj", "{838BBE86-EC45-BA98-C730-8577E945E44C}"
EndProject
Global
	GlobalSection(SolutionConfigurationPlatforms) = preSolution
		Debug|Any CPU = Debug|Any CPU
		Release|Any CPU = Release|Any CPU
	EndGlobalSection
	GlobalSection(ProjectConfigurationPlatforms) = postSolution
		{838BBE86-EC45-BA98-C730-8577E945E44C}.Debug|Any CPU.ActiveCfg = Debug|Any CPU
		{838BBE86-EC45-BA98-C730-8577E945E44C}.Debug|Any CPU.Build.0 = Debug|Any CPU
		{838BBE86-EC45-BA98-C730-8577E945E44C}.Release|Any CPU.ActiveCfg = Release|Any CPU
		{838BBE86-EC45-BA98-C730-8577E945E44C}.Release|Any CPU.Build.0 = Release|Any CPU
	EndGlobalSection
	GlobalSection(SolutionProperties) = preSolution
		HideSolutionNode = FALSE
	EndGlobalSection
	GlobalSection(MonoDevelopProperties) = preSolution
		StartupItem = Assembly-CSharp.csproj
	EndGlobalSection
EndGlobal
